// !$*UTF8*$!
{
	archiveVersion = 1;
	classes = {
	};
	objectVersion = 46;
	objects = {

/* Begin PBXBuildFile section */
		357971461B5E1413001D2129 /* AppDelegate.swift in Sources */ = {isa = PBXBuildFile; fileRef = 357971451B5E1413001D2129 /* AppDelegate.swift */; };
		357971481B5E1413001D2129 /* ViewController.swift in Sources */ = {isa = PBXBuildFile; fileRef = 357971471B5E1413001D2129 /* ViewController.swift */; };
		3579714B1B5E1413001D2129 /* Main.storyboard in Resources */ = {isa = PBXBuildFile; fileRef = 357971491B5E1413001D2129 /* Main.storyboard */; };
		3579714D1B5E1413001D2129 /* Images.xcassets in Resources */ = {isa = PBXBuildFile; fileRef = 3579714C1B5E1413001D2129 /* Images.xcassets */; };
		357971501B5E1413001D2129 /* LaunchScreen.xib in Resources */ = {isa = PBXBuildFile; fileRef = 3579714E1B5E1413001D2129 /* LaunchScreen.xib */; };
		3579715C1B5E1413001D2129 /* HelloWorldTests.swift in Sources */ = {isa = PBXBuildFile; fileRef = 3579715B1B5E1413001D2129 /* HelloWorldTests.swift */; };
/* End PBXBuildFile section */

/* Begin PBXContainerItemProxy section */
		357971561B5E1413001D2129 /* PBXContainerItemProxy */ = {
			isa = PBXContainerItemProxy;
			containerPortal = 357971381B5E1413001D2129 /* Project object */;
			proxyType = 1;
			remoteGlobalIDString = 3579713F1B5E1413001D2129;
			remoteInfo = HelloWorld;
		};
/* End PBXContainerItemProxy section */

/* Begin PBXFileReference section */
		357971401B5E1413001D2129 /* HelloWorld.app */ = {isa = PBXFileReference; explicitFileType = wrapper.application; includeInIndex = 0; path = HelloWorld.app; sourceTree = BUILT_PRODUCTS_DIR; };
		357971441B5E1413001D2129 /* Info.plist */ = {isa = PBXFileReference; lastKnownFileType = text.plist.xml; path = Info.plist; sourceTree = "<group>"; };
		357971451B5E1413001D2129 /* AppDelegate.swift */ = {isa = PBXFileReference; lastKnownFileType = sourcecode.swift; path = AppDelegate.swift; sourceTree = "<group>"; };
		357971471B5E1413001D2129 /* ViewController.swift */ = {isa = PBXFileReference; lastKnownFileType = sourcecode.swift; path = ViewController.swift; sourceTree = "<group>"; };
		3579714A1B5E1413001D2129 /* Base */ = {isa = PBXFileReference; lastKnownFileType = file.storyboard; name = Base; path = Base.lproj/Main.storyboard; sourceTree = "<group>"; };
		3579714C1B5E1413001D2129 /* Images.xcassets */ = {isa = PBXFileReference; lastKnownFileType = folder.assetcatalog; path = Images.xcassets; sourceTree = "<group>"; };
		3579714F1B5E1413001D2129 /* Base */ = {isa = PBXFileReference; lastKnownFileType = file.xib; name = Base; path = Base.lproj/LaunchScreen.xib; sourceTree = "<group>"; };
		357971551B5E1413001D2129 /* HelloWorldTests.xctest */ = {isa = PBXFileReference; explicitFileType = wrapper.cfbundle; includeInIndex = 0; path = HelloWorldTests.xctest; sourceTree = BUILT_PRODUCTS_DIR; };
		3579715A1B5E1413001D2129 /* Info.plist */ = {isa = PBXFileReference; lastKnownFileType = text.plist.xml; path = Info.plist; sourceTree = "<group>"; };
		3579715B1B5E1413001D2129 /* HelloWorldTests.swift */ = {isa = PBXFileReference; lastKnownFileType = sourcecode.swift; path = HelloWorldTests.swift; sourceTree = "<group>"; };
/* End PBXFileReference section */

/* Begin PBXFrameworksBuildPhase section */
		3579713D1B5E1413001D2129 /* Frameworks */ = {
			isa = PBXFrameworksBuildPhase;
			buildActionMask = 2147483647;
			files = (
			);
			runOnlyForDeploymentPostprocessing = 0;
		};
		357971521B5E1413001D2129 /* Frameworks */ = {
			isa = PBXFrameworksBuildPhase;
			buildActionMask = 2147483647;
			files = (
			);
			runOnlyForDeploymentPostprocessing = 0;
		};
/* End PBXFrameworksBuildPhase section */

/* Begin PBXGroup section */
		357971371B5E1413001D2129 = {
			isa = PBXGroup;
			children = (
				357971421B5E1413001D2129 /* HelloWorld */,
				357971581B5E1413001D2129 /* HelloWorldTests */,
				357971411B5E1413001D2129 /* Products */,
			);
			sourceTree = "<group>";
		};
		357971411B5E1413001D2129 /* Products */ = {
			isa = PBXGroup;
			children = (
				357971401B5E1413001D2129 /* HelloWorld.app */,
				357971551B5E1413001D2129 /* HelloWorldTests.xctest */,
			);
			name = Products;
			sourceTree = "<group>";
		};
		357971421B5E1413001D2129 /* HelloWorld */ = {
			isa = PBXGroup;
			children = (
				357971451B5E1413001D2129 /* AppDelegate.swift */,
				357971471B5E1413001D2129 /* ViewController.swift */,
				357971491B5E1413001D2129 /* Main.storyboard */,
				3579714C1B5E1413001D2129 /* Images.xcassets */,
				3579714E1B5E1413001D2129 /* LaunchScreen.xib */,
				357971431B5E1413001D2129 /* Supporting Files */,
			);
			path = HelloWorld;
			sourceTree = "<group>";
		};
		357971431B5E1413001D2129 /* Supporting Files */ = {
			isa = PBXGroup;
			children = (
				357971441B5E1413001D2129 /* Info.plist */,
			);
			name = "Supporting Files";
			sourceTree = "<group>";
		};
		357971581B5E1413001D2129 /* HelloWorldTests */ = {
			isa = PBXGroup;
			children = (
				3579715B1B5E1413001D2129 /* HelloWorldTests.swift */,
				357971591B5E1413001D2129 /* Supporting Files */,
			);
			path = HelloWorldTests;
			sourceTree = "<group>";
		};
		357971591B5E1413001D2129 /* Supporting Files */ = {
			isa = PBXGroup;
			children = (
				3579715A1B5E1413001D2129 /* Info.plist */,
			);
			name = "Supporting Files";
			sourceTree = "<group>";
		};
/* End PBXGroup section */

/* Begin PBXNativeTarget section */
		3579713F1B5E1413001D2129 /* HelloWorld */ = {
			isa = PBXNativeTarget;
			buildConfigurationList = 3579715F1B5E1413001D2129 /* Build configuration list for PBXNativeTarget "HelloWorld" */;
			buildPhases = (
				3579713C1B5E1413001D2129 /* Sources */,
				3579713D1B5E1413001D2129 /* Frameworks */,
				3579713E1B5E1413001D2129 /* Resources */,
			);
			buildRules = (
			);
			dependencies = (
			);
			name = HelloWorld;
			productName = HelloWorld;
			productReference = 357971401B5E1413001D2129 /* HelloWorld.app */;
			productType = "com.apple.product-type.application";
		};
		357971541B5E1413001D2129 /* HelloWorldTests */ = {
			isa = PBXNativeTarget;
			buildConfigurationList = 357971621B5E1413001D2129 /* Build configuration list for PBXNativeTarget "HelloWorldTests" */;
			buildPhases = (
				357971511B5E1413001D2129 /* Sources */,
				357971521B5E1413001D2129 /* Frameworks */,
				357971531B5E1413001D2129 /* Resources */,
			);
			buildRules = (
			);
			dependencies = (
				357971571B5E1413001D2129 /* PBXTargetDependency */,
			);
			name = HelloWorldTests;
			productName = HelloWorldTests;
			productReference = 357971551B5E1413001D2129 /* HelloWorldTests.xctest */;
			productType = "com.apple.product-type.bundle.unit-test";
		};
/* End PBXNativeTarget section */

/* Begin PBXProject section */
		357971381B5E1413001D2129 /* Project object */ = {
			isa = PBXProject;
			attributes = {
				LastSwiftUpdateCheck = 0700;
				LastUpgradeCheck = 0640;
				ORGANIZATIONNAME = "Leon Wang";
				TargetAttributes = {
					3579713F1B5E1413001D2129 = {
						CreatedOnToolsVersion = 6.4;
					};
					357971541B5E1413001D2129 = {
						CreatedOnToolsVersion = 6.4;
						TestTargetID = 3579713F1B5E1413001D2129;
					};
				};
			};
			buildConfigurationList = 3579713B1B5E1413001D2129 /* Build configuration list for PBXProject "HelloWorld" */;
			compatibilityVersion = "Xcode 3.2";
			developmentRegion = English;
			hasScannedForEncodings = 0;
			knownRegions = (
				en,
				Base,
			);
			mainGroup = 357971371B5E1413001D2129;
			productRefGroup = 357971411B5E1413001D2129 /* Products */;
			projectDirPath = "";
			projectRoot = "";
			targets = (
				3579713F1B5E1413001D2129 /* HelloWorld */,
				357971541B5E1413001D2129 /* HelloWorldTests */,
			);
		};
/* End PBXProject section */

/* Begin PBXResourcesBuildPhase section */
		3579713E1B5E1413001D2129 /* Resources */ = {
			isa = PBXResourcesBuildPhase;
			buildActionMask = 2147483647;
			files = (
				3579714B1B5E1413001D2129 /* Main.storyboard in Resources */,
				357971501B5E1413001D2129 /* LaunchScreen.xib in Resources */,
				3579714D1B5E1413001D2129 /* Images.xcassets in Resources */,
			);
			runOnlyForDeploymentPostprocessing = 0;
		};
		357971531B5E1413001D2129 /* Resources */ = {
			isa = PBXResourcesBuildPhase;
			buildActionMask = 2147483647;
			files = (
			);
			runOnlyForDeploymentPostprocessing = 0;
		};
/* End PBXResourcesBuildPhase section */

/* Begin PBXSourcesBuildPhase section */
		3579713C1B5E1413001D2129 /* Sources */ = {
			isa = PBXSourcesBuildPhase;
			buildActionMask = 2147483647;
			files = (
				357971481B5E1413001D2129 /* ViewController.swift in Sources */,
				357971461B5E1413001D2129 /* AppDelegate.swift in Sources */,
			);
			runOnlyForDeploymentPostprocessing = 0;
		};
		357971511B5E1413001D2129 /* Sources */ = {
			isa = PBXSourcesBuildPhase;
			buildActionMask = 2147483647;
			files = (
				3579715C1B5E1413001D2129 /* HelloWorldTests.swift in Sources */,
			);
			runOnlyForDeploymentPostprocessing = 0;
		};
/* End PBXSourcesBuildPhase section */

/* Begin PBXTargetDependency section */
		357971571B5E1413001D2129 /* PBXTargetDependency */ = {
			isa = PBXTargetDependency;
			target = 3579713F1B5E1413001D2129 /* HelloWorld */;
			targetProxy = 357971561B5E1413001D2129 /* PBXContainerItemProxy */;
		};
/* End PBXTargetDependency section */

/* Begin PBXVariantGroup section */
		357971491B5E1413001D2129 /* Main.storyboard */ = {
			isa = PBXVariantGroup;
			children = (
				3579714A1B5E1413001D2129 /* Base */,
			);
			name = Main.storyboard;
			sourceTree = "<group>";
		};
		3579714E1B5E1413001D2129 /* LaunchScreen.xib */ = {
			isa = PBXVariantGroup;
			children = (
				3579714F1B5E1413001D2129 /* Base */,
			);
			name = LaunchScreen.xib;
			sourceTree = "<group>";
		};
/* End PBXVariantGroup section */

/* Begin XCBuildConfiguration section */
		3579715D1B5E1413001D2129 /* Debug */ = {
			isa = XCBuildConfiguration;
			buildSettings = {
				ALWAYS_SEARCH_USER_PATHS = NO;
				CLANG_CXX_LANGUAGE_STANDARD = "gnu++0x";
				CLANG_CXX_LIBRARY = "libc++";
				CLANG_ENABLE_MODULES = YES;
				CLANG_ENABLE_OBJC_ARC = YES;
				CLANG_WARN_BOOL_CONVERSION = YES;
				CLANG_WARN_CONSTANT_CONVERSION = YES;
				CLANG_WARN_DIRECT_OBJC_ISA_USAGE = YES_ERROR;
				CLANG_WARN_EMPTY_BODY = YES;
				CLANG_WARN_ENUM_CONVERSION = YES;
				CLANG_WARN_INT_CONVERSION = YES;
				CLANG_WARN_OBJC_ROOT_CLASS = YES_ERROR;
				CLANG_WARN_UNREACHABLE_CODE = YES;
				CLANG_WARN__DUPLICATE_METHOD_MATCH = YES;
				"CODE_SIGN_IDENTITY[sdk=iphoneos*]" = "iPhone Developer";
				COPY_PHASE_STRIP = NO;
				DEBUG_INFORMATION_FORMAT = "dwarf-with-dsym";
				ENABLE_STRICT_OBJC_MSGSEND = YES;
				GCC_C_LANGUAGE_STANDARD = gnu99;
				GCC_DYNAMIC_NO_PIC = NO;
				GCC_NO_COMMON_BLOCKS = YES;
				GCC_OPTIMIZATION_LEVEL = 0;
				GCC_PREPROCESSOR_DEFINITIONS = (
					"DEBUG=1",
					"$(inherited)",
				);
				GCC_SYMBOLS_PRIVATE_EXTERN = NO;
				GCC_WARN_64_TO_32_BIT_CONVERSION = YES;
				GCC_WARN_ABOUT_RETURN_TYPE = YES_ERROR;
				GCC_WARN_UNDECLARED_SELECTOR = YES;
				GCC_WARN_UNINITIALIZED_AUTOS = YES_AGGRESSIVE;
				GCC_WARN_UNUSED_FUNCTION = YES;
				GCC_WARN_UNUSED_VARIABLE = YES;
				IPHONEOS_DEPLOYMENT_TARGET = 8.4;
				MTL_ENABLE_DEBUG_INFO = YES;
				ONLY_ACTIVE_ARCH = YES;
				SDKROOT = iphoneos;
				SWIFT_OPTIMIZATION_LEVEL = "-Onone";
				TARGETED_DEVICE_FAMILY = "1,2";
			};
			name = Debug;
		};
		3579715E1B5E1413001D2129 /* Release */ = {
			isa = XCBuildConfiguration;
			buildSettings = {
				ALWAYS_SEARCH_USER_PATHS = NO;
				CLANG_CXX_LANGUAGE_STANDARD = "gnu++0x";
				CLANG_CXX_LIBRARY = "libc++";
				CLANG_ENABLE_MODULES = YES;
				CLANG_ENABLE_OBJC_ARC = YES;
				CLANG_WARN_BOOL_CONVERSION = YES;
				CLANG_WARN_CONSTANT_CONVERSION = YES;
				CLANG_WARN_DIRECT_OBJC_ISA_USAGE = YES_ERROR;
				CLANG_WARN_EMPTY_BODY = YES;
				CLANG_WARN_ENUM_CONVERSION = YES;
				CLANG_WARN_INT_CONVERSION = YES;
				CLANG_WARN_OBJC_ROOT_CLASS = YES_ERROR;
				CLANG_WARN_UNREACHABLE_CODE = YES;
				CLANG_WARN__DUPLICATE_METHOD_MATCH = YES;
				"CODE_SIGN_IDENTITY[sdk=iphoneos*]" = "iPhone Developer";
				COPY_PHASE_STRIP = NO;
				DEBUG_INFORMATION_FORMAT = "dwarf-with-dsym";
				ENABLE_NS_ASSERTIONS = NO;
				ENABLE_STRICT_OBJC_MSGSEND = YES;
				GCC_C_LANGUAGE_STANDARD = gnu99;
				GCC_NO_COMMON_BLOCKS = YES;
				GCC_WARN_64_TO_32_BIT_CONVERSION = YES;
				GCC_WARN_ABOUT_RETURN_TYPE = YES_ERROR;
				GCC_WARN_UNDECLARED_SELECTOR = YES;
				GCC_WARN_UNINITIALIZED_AUTOS = YES_AGGRESSIVE;
				GCC_WARN_UNUSED_FUNCTION = YES;
				GCC_WARN_UNUSED_VARIABLE = YES;
				IPHONEOS_DEPLOYMENT_TARGET = 8.4;
				MTL_ENABLE_DEBUG_INFO = NO;
				SDKROOT = iphoneos;
				TARGETED_DEVICE_FAMILY = "1,2";
				VALIDATE_PRODUCT = YES;
			};
			name = Release;
		};
		357971601B5E1413001D2129 /* Debug */ = {
			isa = XCBuildConfiguration;
			buildSettings = {
				ASSETCATALOG_COMPILER_APPICON_NAME = AppIcon;
				INFOPLIST_FILE = HelloWorld/Info.plist;
				LD_RUNPATH_SEARCH_PATHS = "$(inherited) @executable_path/Frameworks";
				PRODUCT_NAME = "$(TARGET_NAME)";
			};
			name = Debug;
		};
		357971611B5E1413001D2129 /* Release */ = {
			isa = XCBuildConfiguration;
			buildSettings = {
				ASSETCATALOG_COMPILER_APPICON_NAME = AppIcon;
				INFOPLIST_FILE = HelloWorld/Info.plist;
				LD_RUNPATH_SEARCH_PATHS = "$(inherited) @executable_path/Frameworks";
				PRODUCT_NAME = "$(TARGET_NAME)";
			};
			name = Release;
		};
		357971631B5E1413001D2129 /* Debug */ = {
			isa = XCBuildConfiguration;
			buildSettings = {
				BUNDLE_LOADER = "$(TEST_HOST)";
				FRAMEWORK_SEARCH_PATHS = (
					"$(SDKROOT)/Developer/Library/Frameworks",
					"$(inherited)",
				);
				GCC_PREPROCESSOR_DEFINITIONS = (
					"DEBUG=1",
					"$(inherited)",
				);
				INFOPLIST_FILE = HelloWorldTests/Info.plist;
				LD_RUNPATH_SEARCH_PATHS = "$(inherited) @executable_path/Frameworks @loader_path/Frameworks";
				PRODUCT_NAME = "$(TARGET_NAME)";
				TEST_HOST = "$(BUILT_PRODUCTS_DIR)/HelloWorld.app/HelloWorld";
			};
			name = Debug;
		};
		357971641B5E1413001D2129 /* Release */ = {
			isa = XCBuildConfiguration;
			buildSettings = {
				BUNDLE_LOADER = "$(TEST_HOST)";
				FRAMEWORK_SEARCH_PATHS = (
					"$(SDKROOT)/Developer/Library/Frameworks",
					"$(inherited)",
				);
				INFOPLIST_FILE = HelloWorldTests/Info.plist;
				LD_RUNPATH_SEARCH_PATHS = "$(inherited) @executable_path/Frameworks @loader_path/Frameworks";
				PRODUCT_NAME = "$(TARGET_NAME)";
				TEST_HOST = "$(BUILT_PRODUCTS_DIR)/HelloWorld.app/HelloWorld";
			};
			name = Release;
		};
/* End XCBuildConfiguration section */

/* Begin XCConfigurationList section */
		3579713B1B5E1413001D2129 /* Build configuration list for PBXProject "HelloWorld" */ = {
			isa = XCConfigurationList;
			buildConfigurations = (
				3579715D1B5E1413001D2129 /* Debug */,
				3579715E1B5E1413001D2129 /* Release */,
			);
			defaultConfigurationIsVisible = 0;
			defaultConfigurationName = Release;
		};
		3579715F1B5E1413001D2129 /* Build configuration list for PBXNativeTarget "HelloWorld" */ = {
			isa = XCConfigurationList;
			buildConfigurations = (
				357971601B5E1413001D2129 /* Debug */,
				357971611B5E1413001D2129 /* Release */,
			);
			defaultConfigurationIsVisible = 0;
			defaultConfigurationName = Release;
		};
		357971621B5E1413001D2129 /* Build configuration list for PBXNativeTarget "HelloWorldTests" */ = {
			isa = XCConfigurationList;
			buildConfigurations = (
				357971631B5E1413001D2129 /* Debug */,
				357971641B5E1413001D2129 /* Release */,
			);
			defaultConfigurationIsVisible = 0;
			defaultConfigurationName = Release;
		};
/* End XCConfigurationList section */
	};
	rootObject = 357971381B5E1413001D2129 /* Project object */;
}
